Microsoft Visual Studio Solution File, Format Version 12.00
# Visual Studio Version 17
VisualStudioVersion = 17.5.2.0
MinimumVisualStudioVersion = 10.0.40219.1
Project("{FAE04EC0-301F-11D3-BF4B-00C04F79EFBC}") = "TenchiWebsite", "TenchiWebsite.csproj", "{88CFBEB3-750A-8D06-2C00-C4EC420B238F}"
EndProject
Global
	GlobalSection(SolutionConfigurationPlatforms) = preSolution
		Debug|Any CPU = Debug|Any CPU
		Release|Any CPU = Release|Any CPU
	EndGlobalSection
	GlobalSection(ProjectConfigurationPlatforms) = postSolution
		{88CFBEB3-750A-8D06-2C00-C4EC420B238F}.Debug|Any CPU.ActiveCfg = Debug|Any CPU
		{88CFBEB3-750A-8D06-2C00-C4EC420B238F}.Debug|Any CPU.Build.0 = Debug|Any CPU
		{88CFBEB3-750A-8D06-2C00-C4EC420B238F}.Release|Any CPU.ActiveCfg = Release|Any CPU
		{88CFBEB3-750A-8D06-2C00-C4EC420B238F}.Release|Any CPU.Build.0 = Release|Any CPU
	EndGlobalSection
	GlobalSection(SolutionProperties) = preSolution
		HideSolutionNode = FALSE
	EndGlobalSection
	GlobalSection(ExtensibilityGlobals) = postSolution
		SolutionGuid = {A02C24F5-7BAA-44D8-B542-6DC004A1A5DE}
	EndGlobalSection
EndGlobal
